
Microsoft Visual Studio Solution File, Format Version 12.00
# Visual Studio 15
VisualStudioVersion = 15.0.28307.271
MinimumVisualStudioVersion = 10.0.40219.1
Project("{F2A71F9B-5D33-465A-A702-920D77279786}") = "FunctionApp", "FunctionApp\FunctionApp.fsproj", "{41F42C52-15F5-43DB-A303-99A43C239CD8}"
EndProject
Global
	GlobalSection(SolutionConfigurationPlatforms) = preSolution
		Debug|Any CPU = Debug|Any CPU
		Release|Any CPU = Release|Any CPU
	EndGlobalSection
	GlobalSection(ProjectConfigurationPlatforms) = postSolution
		{41F42C52-15F5-43DB-A303-99A43C239CD8}.Debug|Any CPU.ActiveCfg = Debug|Any CPU
		{41F42C52-15F5-43DB-A303-99A43C239CD8}.Debug|Any CPU.Build.0 = Debug|Any CPU
		{41F42C52-15F5-43DB-A303-99A43C239CD8}.Release|Any CPU.ActiveCfg = Release|Any CPU
		{41F42C52-15F5-43DB-A303-99A43C239CD8}.Release|Any CPU.Build.0 = Release|Any CPU
	EndGlobalSection
	GlobalSection(SolutionProperties) = preSolution
		HideSolutionNode = FALSE
	EndGlobalSection
	GlobalSection(ExtensibilityGlobals) = postSolution
		SolutionGuid = {D85957B1-B78A-4191-BC0E-5966BA7726D0}
	EndGlobalSection
EndGlobal
